{
  "name": "Cloud-Based File Storage and Sharing WebApp",
  "lockfileVersion": 3,
  "requires": true,
  "packages": {
    "": {
      "dependencies": {
        "@headlessui/react": "^2.2.9"
      },
      "devDependencies": {
        "cross-env": "^10.1.0"
      }
    },
    "node_modules/@epic-web/invariant": {
      "version": "1.0.0",
      "resolved": "https://registry.npmjs.org/@epic-web/invariant/-/invariant-1.0.0.tgz",
      "integrity": "sha512-lrTPqgvfFQtR/eY/qkIzp98OGdNJu0m5ji3q/nJI8v3SXkRKEnWiOxMmbvcSoAIzv/cGiuvRy57k4suKQSAdwA==",
      "dev": true,
      "license": "MIT"
    },
    "node_modules/@floating-ui/core": {
      "version": "1.7.3",
      "resolved": "https://registry.npmjs.org/@floating-ui/core/-/core-1.7.3.tgz",
      "integrity": "sha512-sGnvb5dmrJaKEZ+LDIpguvdX3bDlEllmv4/ClQ9awcmCZrlx5jQyyMWFM5kBI+EyNOCDDiKk8il0zeuX3Zlg/w==",
      "license": "MIT",
      "dependencies": {
        "@floating-ui/utils": "^0.2.10"
      }
    },
    "node_modules/@floating-ui/dom": {
      "version": "1.7.4",
      "resolved": "https://registry.npmjs.org/@floating-ui/dom/-/dom-1.7.4.tgz",
      "integrity": "sha512-OOchDgh4F2CchOX94cRVqhvy7b3AFb+/rQXyswmzmGakRfkMgoWVjfnLWkRirfLEfuD4ysVW16eXzwt3jHIzKA==",
      "license": "MIT",
      "dependencies": {
        "@floating-ui/core": "^1.7.3",
        "@floating-ui/utils": "^0.2.10"
      }
    },
    "node_modules/@floating-ui/react": {
      "version": "0.26.28",
      "resolved": "https://registry.npmjs.org/@floating-ui/react/-/react-0.26.28.tgz",
      "integrity": "sha512-yORQuuAtVpiRjpMhdc0wJj06b9JFjrYF4qp96j++v2NBpbi6SEGF7donUJ3TMieerQ6qVkAv1tgr7L4r5roTqw==",
      "license": "MIT",
      "dependencies": {
        "@floating-ui/react-dom": "^2.1.2",
        "@floating-ui/utils": "^0.2.8",
        "tabbable": "^6.0.0"
      },
      "peerDependencies": {
        "react": ">=16.8.0",
        "react-dom": ">=16.8.0"
      }
    },
    "node_modules/@floating-ui/react-dom": {
      "version": "2.1.6",
      "resolved": "https://registry.npmjs.org/@floating-ui/react-dom/-/react-dom-2.1.6.tgz",
      "integrity": "sha512-4JX6rEatQEvlmgU80wZyq9RT96HZJa88q8hp0pBd+LrczeDI4o6uA2M+uvxngVHo4Ihr8uibXxH6+70zhAFrVw==",
      "license": "MIT",
      "dependencies": {
        "@floating-ui/dom": "^1.7.4"
      },
      "peerDependencies": {
        "react": ">=16.8.0",
        "react-dom": ">=16.8.0"
      }
    },
    "node_modules/@floating-ui/utils": {
      "version": "0.2.10",
      "resolved": "https://registry.npmjs.org/@floating-ui/utils/-/utils-0.2.10.tgz",
      "integrity": "sha512-aGTxbpbg8/b5JfU1HXSrbH3wXZuLPJcNEcZQFMxLs3oSzgtVu6nFPkbbGGUvBcUjKV2YyB9Wxxabo+HEH9tcRQ==",
      "license": "MIT"
    },
    "node_modules/@headlessui/react": {
      "version": "2.2.9",
      "resolved": "https://registry.npmjs.org/@headlessui/react/-/react-2.2.9.tgz",
      "integrity": "sha512-Mb+Un58gwBn0/yWZfyrCh0TJyurtT+dETj7YHleylHk5od3dv2XqETPGWMyQ5/7sYN7oWdyM1u9MvC0OC8UmzQ==",
      "license": "MIT",
      "dependencies": {
        "@floating-ui/react": "^0.26.16",
        "@react-aria/focus": "^3.20.2",
        "@react-aria/interactions": "^3.25.0",
        "@tanstack/react-virtual": "^3.13.9",
        "use-sync-external-store": "^1.5.0"
      },
      "engines": {
        "node": ">=10"
      },
      "peerDependencies": {
        "react": "^18 || ^19 || ^19.0.0-rc",
        "react-dom": "^18 || ^19 || ^19.0.0-rc"
      }
    },
    "node_modules/@react-aria/focus": {
      "version": "3.21.2",
      "resolved": "https://registry.npmjs.org/@react-aria/focus/-/focus-3.21.2.tgz",
      "integrity": "sha512-JWaCR7wJVggj+ldmM/cb/DXFg47CXR55lznJhZBh4XVqJjMKwaOOqpT5vNN7kpC1wUpXicGNuDnJDN1S/+6dhQ==",
      "license": "Apache-2.0",
      "dependencies": {
        "@react-aria/interactions": "^3.25.6",
        "@react-aria/utils": "^3.31.0",
        "@react-types/shared": "^3.32.1",
        "@swc/helpers": "^0.5.0",
        "clsx": "^2.0.0"
      },
      "peerDependencies": {
        "react": "^16.8.0 || ^17.0.0-rc.1 || ^18.0.0 || ^19.0.0-rc.1",
        "react-dom": "^16.8.0 || ^17.0.0-rc.1 || ^18.0.0 || ^19.0.0-rc.1"
      }
    },
    "node_modules/@react-aria/interactions": {
      "version": "3.25.6",
      "resolved": "https://registry.npmjs.org/@react-aria/interactions/-/interactions-3.25.6.tgz",
      "integrity": "sha512-5UgwZmohpixwNMVkMvn9K1ceJe6TzlRlAfuYoQDUuOkk62/JVJNDLAPKIf5YMRc7d2B0rmfgaZLMtbREb0Zvkw==",
      "license": "Apache-2.0",
      "dependencies": {
        "@react-aria/ssr": "^3.9.10",
        "@react-aria/utils": "^3.31.0",
        "@react-stately/flags": "^3.1.2",
        "@react-types/shared": "^3.32.1",
        "@swc/helpers": "^0.5.0"
      },
      "peerDependencies": {
        "react": "^16.8.0 || ^17.0.0-rc.1 || ^18.0.0 || ^19.0.0-rc.1",
        "react-dom": "^16.8.0 || ^17.0.0-rc.1 || ^18.0.0 || ^19.0.0-rc.1"
      }
    },
    "node_modules/@react-aria/ssr": {
      "version": "3.9.10",
      "resolved": "https://registry.npmjs.org/@react-aria/ssr/-/ssr-3.9.10.tgz",
      "integrity": "sha512-hvTm77Pf+pMBhuBm760Li0BVIO38jv1IBws1xFm1NoL26PU+fe+FMW5+VZWyANR6nYL65joaJKZqOdTQMkO9IQ==",
      "license": "Apache-2.0",
      "dependencies": {
        "@swc/helpers": "^0.5.0"
      },
      "engines": {
        "node": ">= 12"
      },
      "peerDependencies": {
        "react": "^16.8.0 || ^17.0.0-rc.1 || ^18.0.0 || ^19.0.0-rc.1"
      }
    },
    "node_modules/@react-aria/utils": {
      "version": "3.31.0",
      "resolved": "https://registry.npmjs.org/@react-aria/utils/-/utils-3.31.0.tgz",
      "integrity": "sha512-ABOzCsZrWzf78ysswmguJbx3McQUja7yeGj6/vZo4JVsZNlxAN+E9rs381ExBRI0KzVo6iBTeX5De8eMZPJXig==",
      "license": "Apache-2.0",
      "dependencies": {
        "@react-aria/ssr": "^3.9.10",
        "@react-stately/flags": "^3.1.2",
        "@react-stately/utils": "^3.10.8",
        "@react-types/shared": "^3.32.1",
        "@swc/helpers": "^0.5.0",
        "clsx": "^2.0.0"
      },
      "peerDependencies": {
        "react": "^16.8.0 || ^17.0.0-rc.1 || ^18.0.0 || ^19.0.0-rc.1",
        "react-dom": "^16.8.0 || ^17.0.0-rc.1 || ^18.0.0 || ^19.0.0-rc.1"
      }
    },
    "node_modules/@react-stately/flags": {
      "version": "3.1.2",
      "resolved": "https://registry.npmjs.org/@react-stately/flags/-/flags-3.1.2.tgz",
      "integrity": "sha512-2HjFcZx1MyQXoPqcBGALwWWmgFVUk2TuKVIQxCbRq7fPyWXIl6VHcakCLurdtYC2Iks7zizvz0Idv48MQ38DWg==",
      "license": "Apache-2.0",
      "dependencies": {
        "@swc/helpers": "^0.5.0"
      }
    },
    "node_modules/@react-stately/utils": {
      "version": "3.10.8",
      "resolved": "https://registry.npmjs.org/@react-stately/utils/-/utils-3.10.8.tgz",
      "integrity": "sha512-SN3/h7SzRsusVQjQ4v10LaVsDc81jyyR0DD5HnsQitm/I5WDpaSr2nRHtyloPFU48jlql1XX/S04T2DLQM7Y3g==",
      "license": "Apache-2.0",
      "dependencies": {
        "@swc/helpers": "^0.5.0"
      },
      "peerDependencies": {
        "react": "^16.8.0 || ^17.0.0-rc.1 || ^18.0.0 || ^19.0.0-rc.1"
      }
    },
    "node_modules/@react-types/shared": {
      "version": "3.32.1",
      "resolved": "https://registry.npmjs.org/@react-types/shared/-/shared-3.32.1.tgz",
      "integrity": "sha512-famxyD5emrGGpFuUlgOP6fVW2h/ZaF405G5KDi3zPHzyjAWys/8W6NAVJtNbkCkhedmvL0xOhvt8feGXyXaw5w==",
      "license": "Apache-2.0",
      "peerDependencies": {
        "react": "^16.8.0 || ^17.0.0-rc.1 || ^18.0.0 || ^19.0.0-rc.1"
      }
    },
    "node_modules/@swc/helpers": {
      "version": "0.5.17",
      "resolved": "https://registry.npmjs.org/@swc/helpers/-/helpers-0.5.17.tgz",
      "integrity": "sha512-5IKx/Y13RsYd+sauPb2x+U/xZikHjolzfuDgTAl/Tdf3Q8rslRvC19NKDLgAJQ6wsqADk10ntlv08nPFw/gO/A==",
      "license": "Apache-2.0",
      "dependencies": {
        "tslib": "^2.8.0"
      }
    },
    "node_modules/@tanstack/react-virtual": {
      "version": "3.13.12",
      "resolved": "https://registry.npmjs.org/@tanstack/react-virtual/-/react-virtual-3.13.12.tgz",
      "integrity": "sha512-Gd13QdxPSukP8ZrkbgS2RwoZseTTbQPLnQEn7HY/rqtM+8Zt95f7xKC7N0EsKs7aoz0WzZ+fditZux+F8EzYxA==",
      "license": "MIT",
      "dependencies": {
        "@tanstack/virtual-core": "3.13.12"
      },
      "funding": {
        "type": "github",
        "url": "https://github.com/sponsors/tannerlinsley"
      },
      "peerDependencies": {
        "react": "^16.8.0 || ^17.0.0 || ^18.0.0 || ^19.0.0",
        "react-dom": "^16.8.0 || ^17.0.0 || ^18.0.0 || ^19.0.0"
      }
    },
    "node_modules/@tanstack/virtual-core": {
      "version": "3.13.12",
      "resolved": "https://registry.npmjs.org/@tanstack/virtual-core/-/virtual-core-3.13.12.tgz",
      "integrity": "sha512-1YBOJfRHV4sXUmWsFSf5rQor4Ss82G8dQWLRbnk3GA4jeP8hQt1hxXh0tmflpC0dz3VgEv/1+qwPyLeWkQuPFA==",
      "license": "MIT",
      "funding": {
        "type": "github",
        "url": "https://github.com/sponsors/tannerlinsley"
      }
    },
    "node_modules/clsx": {
      "version": "2.1.1",
      "resolved": "https://registry.npmjs.org/clsx/-/clsx-2.1.1.tgz",
      "integrity": "sha512-eYm0QWBtUrBWZWG0d386OGAw16Z995PiOVo2B7bjWSbHedGl5e0ZWaq65kOGgUSNesEIDkB9ISbTg/JK9dhCZA==",
      "license": "MIT",
      "engines": {
        "node": ">=6"
      }
    },
    "node_modules/cross-env": {
      "version": "10.1.0",
      "resolved": "https://registry.npmjs.org/cross-env/-/cross-env-10.1.0.tgz",
      "integrity": "sha512-GsYosgnACZTADcmEyJctkJIoqAhHjttw7RsFrVoJNXbsWWqaq6Ym+7kZjq6mS45O0jij6vtiReppKQEtqWy6Dw==",
      "dev": true,
      "license": "MIT",
      "dependencies": {
        "@epic-web/invariant": "^1.0.0",
        "cross-spawn": "^7.0.6"
      },
      "bin": {
        "cross-env": "dist/bin/cross-env.js",
        "cross-env-shell": "dist/bin/cross-env-shell.js"
      },
      "engines": {
        "node": ">=20"
      }
    },
    "node_modules/cross-spawn": {
      "version": "7.0.6",
      "resolved": "https://registry.npmjs.org/cross-spawn/-/cross-spawn-7.0.6.tgz",
      "integrity": "sha512-uV2QOWP2nWzsy2aMp8aRibhi9dlzF5Hgh5SHaB9OiTGEyDTiJJyx0uy51QXdyWbtAHNua4XJzUKca3OzKUd3vA==",
      "dev": true,
      "license": "MIT",
      "dependencies": {
        "path-key": "^3.1.0",
        "shebang-command": "^2.0.0",
        "which": "^2.0.1"
      },
      "engines": {
        "node": ">= 8"
      }
    },
    "node_modules/isexe": {
      "version": "2.0.0",
      "resolved": "https://registry.npmjs.org/isexe/-/isexe-2.0.0.tgz",
      "integrity": "sha512-RHxMLp9lnKHGHRng9QFhRCMbYAcVpn69smSGcq3f36xjgVVWThj4qqLbTLlq7Ssj8B+fIQ1EuCEGI2lKsyQeIw==",
      "dev": true,
      "license": "ISC"
    },
    "node_modules/path-key": {
      "version": "3.1.1",
      "resolved": "https://registry.npmjs.org/path-key/-/path-key-3.1.1.tgz",
      "integrity": "sha512-ojmeN0qd+y0jszEtoY48r0Peq5dwMEkIlCOu6Q5f41lfkswXuKtYrhgoTpLnyIcHm24Uhqx+5Tqm2InSwLhE6Q==",
      "dev": true,
      "license": "MIT",
      "engines": {
        "node": ">=8"
      }
    },
    "node_modules/react": {
      "version": "19.2.0",
      "resolved": "https://registry.npmjs.org/react/-/react-19.2.0.tgz",
      "integrity": "sha512-tmbWg6W31tQLeB5cdIBOicJDJRR2KzXsV7uSK9iNfLWQ5bIZfxuPEHp7M8wiHyHnn0DD1i7w3Zmin0FtkrwoCQ==",
      "license": "MIT",
      "peer": true,
      "engines": {
        "node": ">=0.10.0"
      }
    },
    "node_modules/react-dom": {
      "version": "19.2.0",
      "resolved": "https://registry.npmjs.org/react-dom/-/react-dom-19.2.0.tgz",
      "integrity": "sha512-UlbRu4cAiGaIewkPyiRGJk0imDN2T3JjieT6spoL2UeSf5od4n5LB/mQ4ejmxhCFT1tYe8IvaFulzynWovsEFQ==",
      "license": "MIT",
      "peer": true,
      "dependencies": {
        "scheduler": "^0.27.0"
      },
      "peerDependencies": {
        "react": "^19.2.0"
      }
    },
    "node_modules/scheduler": {
      "version": "0.27.0",
      "resolved": "https://registry.npmjs.org/scheduler/-/scheduler-0.27.0.tgz",
      "integrity": "sha512-eNv+WrVbKu1f3vbYJT/xtiF5syA5HPIMtf9IgY/nKg0sWqzAUEvqY/xm7OcZc/qafLx/iO9FgOmeSAp4v5ti/Q==",
      "license": "MIT"
    },
    "node_modules/shebang-command": {
      "version": "2.0.0",
      "resolved": "https://registry.npmjs.org/shebang-command/-/shebang-command-2.0.0.tgz",
      "integrity": "sha512-kHxr2zZpYtdmrN1qDjrrX/Z1rR1kG8Dx+gkpK1G4eXmvXswmcE1hTWBWYUzlraYw1/yZp6YuDY77YtvbN0dmDA==",
      "dev": true,
      "license": "MIT",
      "dependencies": {
        "shebang-regex": "^3.0.0"
      },
      "engines": {
        "node": ">=8"
      }
    },
    "node_modules/shebang-regex": {
      "version": "3.0.0",
      "resolved": "https://registry.npmjs.org/shebang-regex/-/shebang-regex-3.0.0.tgz",
      "integrity": "sha512-7++dFhtcx3353uBaq8DDR4NuxBetBzC7ZQOhmTQInHEd6bSrXdiEyzCvG07Z44UYdLShWUyXt5M/yhz8ekcb1A==",
      "dev": true,
      "license": "MIT",
      "engines": {
        "node": ">=8"
      }
    },
    "node_modules/tabbable": {
      "version": "6.3.0",
      "resolved": "https://registry.npmjs.org/tabbable/-/tabbable-6.3.0.tgz",
      "integrity": "sha512-EIHvdY5bPLuWForiR/AN2Bxngzpuwn1is4asboytXtpTgsArc+WmSJKVLlhdh71u7jFcryDqB2A8lQvj78MkyQ==",
      "license": "MIT"
    },
    "node_modules/tslib": {
      "version": "2.8.1",
      "resolved": "https://registry.npmjs.org/tslib/-/tslib-2.8.1.tgz",
      "integrity": "sha512-oJFu94HQb+KVduSUQL7wnpmqnfmLsOA/nAh6b6EH0wCEoK0/mPeXU6c3wKDV83MkOuHPRHtSXKKU99IBazS/2w==",
      "license": "0BSD"
    },
    "node_modules/use-sync-external-store": {
      "version": "1.6.0",
      "resolved": "https://registry.npmjs.org/use-sync-external-store/-/use-sync-external-store-1.6.0.tgz",
      "integrity": "sha512-Pp6GSwGP/NrPIrxVFAIkOQeyw8lFenOHijQWkUTrDvrF4ALqylP2C/KCkeS9dpUM3KvYRQhna5vt7IL95+ZQ9w==",
      "license": "MIT",
      "peerDependencies": {
        "react": "^16.8.0 || ^17.0.0 || ^18.0.0 || ^19.0.0"
      }
    },
    "node_modules/which": {
      "version": "2.0.2",
      "resolved": "https://registry.npmjs.org/which/-/which-2.0.2.tgz",
      "integrity": "sha512-BLI3Tl1TW3Pvl70l3yq3Y64i+awpwXqsGBYWkkqMtnbXgrMD+yj7rhW0kuEDxzJaYXGjEW5ogapKNMEKNMjibA==",
      "dev": true,
      "license": "ISC",
      "dependencies": {
        "isexe": "^2.0.0"
      },
      "bin": {
        "node-which": "bin/node-which"
      },
      "engines": {
        "node": ">= 8"
      }
    }
  }
}
